// !$*UTF8*$!
{
	archiveVersion = 1;
	classes = {
	};
	objectVersion = 56;
	objects = {

/* Begin PBXBuildFile section */
		BB19DF6B2A7D0307008D17A8 /* MainPresenter.swift in Sources */ = {isa = PBXBuildFile; fileRef = BB19DF6A2A7D0307008D17A8 /* MainPresenter.swift */; };
		BB19DF732A7D08FE008D17A8 /* ModuleBuilder.swift in Sources */ = {isa = PBXBuildFile; fileRef = BB19DF722A7D08FE008D17A8 /* ModuleBuilder.swift */; };
		BB19DF782A7D0DC2008D17A8 /* MainPresenterTest.swift in Sources */ = {isa = PBXBuildFile; fileRef = BB19DF772A7D0DC2008D17A8 /* MainPresenterTest.swift */; };
		BBB08EDB2A7D1F7E00D661A2 /* Comment.swift in Sources */ = {isa = PBXBuildFile; fileRef = BBB08EDA2A7D1F7E00D661A2 /* Comment.swift */; };
		BBB08EDD2A7D1FCE00D661A2 /* NetworkService.swift in Sources */ = {isa = PBXBuildFile; fileRef = BBB08EDC2A7D1FCE00D661A2 /* NetworkService.swift */; };
		BBB08EE02A7D23E500D661A2 /* DetailPresenter.swift in Sources */ = {isa = PBXBuildFile; fileRef = BBB08EDF2A7D23E500D661A2 /* DetailPresenter.swift */; };
		BBB08EE42A7D252200D661A2 /* DetailViewController.swift in Sources */ = {isa = PBXBuildFile; fileRef = BBB08EE32A7D252200D661A2 /* DetailViewController.swift */; };
		BBDE2A8C2A7D0278007F2606 /* AppDelegate.swift in Sources */ = {isa = PBXBuildFile; fileRef = BBDE2A8B2A7D0278007F2606 /* AppDelegate.swift */; };
		BBDE2A8E2A7D0278007F2606 /* SceneDelegate.swift in Sources */ = {isa = PBXBuildFile; fileRef = BBDE2A8D2A7D0278007F2606 /* SceneDelegate.swift */; };
		BBDE2A902A7D0278007F2606 /* MainViewController.swift in Sources */ = {isa = PBXBuildFile; fileRef = BBDE2A8F2A7D0278007F2606 /* MainViewController.swift */; };
		BBDE2A932A7D0278007F2606 /* Main.storyboard in Resources */ = {isa = PBXBuildFile; fileRef = BBDE2A912A7D0278007F2606 /* Main.storyboard */; };
		BBDE2A952A7D0279007F2606 /* Assets.xcassets in Resources */ = {isa = PBXBuildFile; fileRef = BBDE2A942A7D0279007F2606 /* Assets.xcassets */; };
		BBDE2A982A7D0279007F2606 /* LaunchScreen.storyboard in Resources */ = {isa = PBXBuildFile; fileRef = BBDE2A962A7D0279007F2606 /* LaunchScreen.storyboard */; };
		BBDE2AA32A7D0279007F2606 /* MVPTests.swift in Sources */ = {isa = PBXBuildFile; fileRef = BBDE2AA22A7D0279007F2606 /* MVPTests.swift */; };
		BBDE2AAD2A7D0279007F2606 /* MVPUITests.swift in Sources */ = {isa = PBXBuildFile; fileRef = BBDE2AAC2A7D0279007F2606 /* MVPUITests.swift */; };
		BBDE2AAF2A7D0279007F2606 /* MVPUITestsLaunchTests.swift in Sources */ = {isa = PBXBuildFile; fileRef = BBDE2AAE2A7D0279007F2606 /* MVPUITestsLaunchTests.swift */; };
/* End PBXBuildFile section */

/* Begin PBXContainerItemProxy section */
		BBDE2A9F2A7D0279007F2606 /* PBXContainerItemProxy */ = {
			isa = PBXContainerItemProxy;
			containerPortal = BBDE2A802A7D0278007F2606 /* Project object */;
			proxyType = 1;
			remoteGlobalIDString = BBDE2A872A7D0278007F2606;
			remoteInfo = MVP;
		};
		BBDE2AA92A7D0279007F2606 /* PBXContainerItemProxy */ = {
			isa = PBXContainerItemProxy;
			containerPortal = BBDE2A802A7D0278007F2606 /* Project object */;
			proxyType = 1;
			remoteGlobalIDString = BBDE2A872A7D0278007F2606;
			remoteInfo = MVP;
		};
/* End PBXContainerItemProxy section */

/* Begin PBXFileReference section */
		BB19DF6A2A7D0307008D17A8 /* MainPresenter.swift */ = {isa = PBXFileReference; lastKnownFileType = sourcecode.swift; path = MainPresenter.swift; sourceTree = "<group>"; };
		BB19DF722A7D08FE008D17A8 /* ModuleBuilder.swift */ = {isa = PBXFileReference; lastKnownFileType = sourcecode.swift; path = ModuleBuilder.swift; sourceTree = "<group>"; };
		BB19DF772A7D0DC2008D17A8 /* MainPresenterTest.swift */ = {isa = PBXFileReference; lastKnownFileType = sourcecode.swift; path = MainPresenterTest.swift; sourceTree = "<group>"; };
		BBB08EDA2A7D1F7E00D661A2 /* Comment.swift */ = {isa = PBXFileReference; lastKnownFileType = sourcecode.swift; path = Comment.swift; sourceTree = "<group>"; };
		BBB08EDC2A7D1FCE00D661A2 /* NetworkService.swift */ = {isa = PBXFileReference; lastKnownFileType = sourcecode.swift; path = NetworkService.swift; sourceTree = "<group>"; };
		BBB08EDF2A7D23E500D661A2 /* DetailPresenter.swift */ = {isa = PBXFileReference; lastKnownFileType = sourcecode.swift; path = DetailPresenter.swift; sourceTree = "<group>"; };
		BBB08EE32A7D252200D661A2 /* DetailViewController.swift */ = {isa = PBXFileReference; lastKnownFileType = sourcecode.swift; path = DetailViewController.swift; sourceTree = "<group>"; };
		BBDE2A882A7D0278007F2606 /* MVP.app */ = {isa = PBXFileReference; explicitFileType = wrapper.application; includeInIndex = 0; path = MVP.app; sourceTree = BUILT_PRODUCTS_DIR; };
		BBDE2A8B2A7D0278007F2606 /* AppDelegate.swift */ = {isa = PBXFileReference; lastKnownFileType = sourcecode.swift; path = AppDelegate.swift; sourceTree = "<group>"; };
		BBDE2A8D2A7D0278007F2606 /* SceneDelegate.swift */ = {isa = PBXFileReference; lastKnownFileType = sourcecode.swift; path = SceneDelegate.swift; sourceTree = "<group>"; };
		BBDE2A8F2A7D0278007F2606 /* MainViewController.swift */ = {isa = PBXFileReference; lastKnownFileType = sourcecode.swift; path = MainViewController.swift; sourceTree = "<group>"; };
		BBDE2A922A7D0278007F2606 /* Base */ = {isa = PBXFileReference; lastKnownFileType = file.storyboard; name = Base; path = Base.lproj/Main.storyboard; sourceTree = "<group>"; };
		BBDE2A942A7D0279007F2606 /* Assets.xcassets */ = {isa = PBXFileReference; lastKnownFileType = folder.assetcatalog; path = Assets.xcassets; sourceTree = "<group>"; };
		BBDE2A972A7D0279007F2606 /* Base */ = {isa = PBXFileReference; lastKnownFileType = file.storyboard; name = Base; path = Base.lproj/LaunchScreen.storyboard; sourceTree = "<group>"; };
		BBDE2A992A7D0279007F2606 /* Info.plist */ = {isa = PBXFileReference; lastKnownFileType = text.plist.xml; path = Info.plist; sourceTree = "<group>"; };
		BBDE2A9E2A7D0279007F2606 /* MVPTests.xctest */ = {isa = PBXFileReference; explicitFileType = wrapper.cfbundle; includeInIndex = 0; path = MVPTests.xctest; sourceTree = BUILT_PRODUCTS_DIR; };
		BBDE2AA22A7D0279007F2606 /* MVPTests.swift */ = {isa = PBXFileReference; lastKnownFileType = sourcecode.swift; path = MVPTests.swift; sourceTree = "<group>"; };
		BBDE2AA82A7D0279007F2606 /* MVPUITests.xctest */ = {isa = PBXFileReference; explicitFileType = wrapper.cfbundle; includeInIndex = 0; path = MVPUITests.xctest; sourceTree = BUILT_PRODUCTS_DIR; };
		BBDE2AAC2A7D0279007F2606 /* MVPUITests.swift */ = {isa = PBXFileReference; lastKnownFileType = sourcecode.swift; path = MVPUITests.swift; sourceTree = "<group>"; };
		BBDE2AAE2A7D0279007F2606 /* MVPUITestsLaunchTests.swift */ = {isa = PBXFileReference; lastKnownFileType = sourcecode.swift; path = MVPUITestsLaunchTests.swift; sourceTree = "<group>"; };
/* End PBXFileReference section */

/* Begin PBXFrameworksBuildPhase section */
		BBDE2A852A7D0278007F2606 /* Frameworks */ = {
			isa = PBXFrameworksBuildPhase;
			buildActionMask = 2147483647;
			files = (
			);
			runOnlyForDeploymentPostprocessing = 0;
		};
		BBDE2A9B2A7D0279007F2606 /* Frameworks */ = {
			isa = PBXFrameworksBuildPhase;
			buildActionMask = 2147483647;
			files = (
			);
			runOnlyForDeploymentPostprocessing = 0;
		};
		BBDE2AA52A7D0279007F2606 /* Frameworks */ = {
			isa = PBXFrameworksBuildPhase;
			buildActionMask = 2147483647;
			files = (
			);
			runOnlyForDeploymentPostprocessing = 0;
		};
/* End PBXFrameworksBuildPhase section */

/* Begin PBXGroup section */
		BB19DF6C2A7D06B9008D17A8 /* Main Module */ = {
			isa = PBXGroup;
			children = (
				BB19DF6F2A7D06E1008D17A8 /* Presenter */,
				BB19DF6E2A7D06D7008D17A8 /* Model */,
				BB19DF6D2A7D06CE008D17A8 /* View */,
			);
			path = "Main Module";
			sourceTree = "<group>";
		};
		BB19DF6D2A7D06CE008D17A8 /* View */ = {
			isa = PBXGroup;
			children = (
				BBDE2A8F2A7D0278007F2606 /* MainViewController.swift */,
			);
			path = View;
			sourceTree = "<group>";
		};
		BB19DF6E2A7D06D7008D17A8 /* Model */ = {
			isa = PBXGroup;
			children = (
				BBB08EDA2A7D1F7E00D661A2 /* Comment.swift */,
			);
			path = Model;
			sourceTree = "<group>";
		};
		BB19DF6F2A7D06E1008D17A8 /* Presenter */ = {
			isa = PBXGroup;
			children = (
				BB19DF6A2A7D0307008D17A8 /* MainPresenter.swift */,
			);
			path = Presenter;
			sourceTree = "<group>";
		};
		BB19DF762A7D0D72008D17A8 /* TestMainModule */ = {
			isa = PBXGroup;
			children = (
				BB19DF772A7D0DC2008D17A8 /* MainPresenterTest.swift */,
			);
			path = TestMainModule;
			sourceTree = "<group>";
		};
		BBB08EDE2A7D1FE000D661A2 /* ServiceLayer */ = {
			isa = PBXGroup;
			children = (
				BBB08EDC2A7D1FCE00D661A2 /* NetworkService.swift */,
			);
			path = ServiceLayer;
			sourceTree = "<group>";
		};
		BBB08EE12A7D24FE00D661A2 /* DetailModule */ = {
			isa = PBXGroup;
			children = (
				BBB08EE52A7D252300D661A2 /* View */,
				BBB08EE22A7D250200D661A2 /* Presenter */,
			);
			path = DetailModule;
			sourceTree = "<group>";
		};
		BBB08EE22A7D250200D661A2 /* Presenter */ = {
			isa = PBXGroup;
			children = (
				BBB08EDF2A7D23E500D661A2 /* DetailPresenter.swift */,
			);
			path = Presenter;
			sourceTree = "<group>";
		};
		BBB08EE52A7D252300D661A2 /* View */ = {
			isa = PBXGroup;
			children = (
				BBB08EE32A7D252200D661A2 /* DetailViewController.swift */,
			);
			path = View;
			sourceTree = "<group>";
		};
		BBDE2A7F2A7D0278007F2606 = {
			isa = PBXGroup;
			children = (
				BBDE2A8A2A7D0278007F2606 /* MVP */,
				BBDE2AA12A7D0279007F2606 /* MVPTests */,
				BBDE2AAB2A7D0279007F2606 /* MVPUITests */,
				BBDE2A892A7D0278007F2606 /* Products */,
			);
			sourceTree = "<group>";
		};
		BBDE2A892A7D0278007F2606 /* Products */ = {
			isa = PBXGroup;
			children = (
				BBDE2A882A7D0278007F2606 /* MVP.app */,
				BBDE2A9E2A7D0279007F2606 /* MVPTests.xctest */,
				BBDE2AA82A7D0279007F2606 /* MVPUITests.xctest */,
			);
			name = Products;
			sourceTree = "<group>";
		};
		BBDE2A8A2A7D0278007F2606 /* MVP */ = {
			isa = PBXGroup;
			children = (
				BBDE2A8B2A7D0278007F2606 /* AppDelegate.swift */,
				BBDE2A8D2A7D0278007F2606 /* SceneDelegate.swift */,
				BB19DF722A7D08FE008D17A8 /* ModuleBuilder.swift */,
				BBB08EDE2A7D1FE000D661A2 /* ServiceLayer */,
				BBDE2A912A7D0278007F2606 /* Main.storyboard */,
				BBDE2A942A7D0279007F2606 /* Assets.xcassets */,
				BBDE2A962A7D0279007F2606 /* LaunchScreen.storyboard */,
				BBDE2A992A7D0279007F2606 /* Info.plist */,
				BB19DF6C2A7D06B9008D17A8 /* Main Module */,
				BBB08EE12A7D24FE00D661A2 /* DetailModule */,
			);
			path = MVP;
			sourceTree = "<group>";
		};
		BBDE2AA12A7D0279007F2606 /* MVPTests */ = {
			isa = PBXGroup;
			children = (
				BB19DF762A7D0D72008D17A8 /* TestMainModule */,
				BBDE2AA22A7D0279007F2606 /* MVPTests.swift */,
			);
			path = MVPTests;
			sourceTree = "<group>";
		};
		BBDE2AAB2A7D0279007F2606 /* MVPUITests */ = {
			isa = PBXGroup;
			children = (
				BBDE2AAC2A7D0279007F2606 /* MVPUITests.swift */,
				BBDE2AAE2A7D0279007F2606 /* MVPUITestsLaunchTests.swift */,
			);
			path = MVPUITests;
			sourceTree = "<group>";
		};
/* End PBXGroup section */

/* Begin PBXNativeTarget section */
		BBDE2A872A7D0278007F2606 /* MVP */ = {
			isa = PBXNativeTarget;
			buildConfigurationList = BBDE2AB22A7D0279007F2606 /* Build configuration list for PBXNativeTarget "MVP" */;
			buildPhases = (
				BBDE2A842A7D0278007F2606 /* Sources */,
				BBDE2A852A7D0278007F2606 /* Frameworks */,
				BBDE2A862A7D0278007F2606 /* Resources */,
			);
			buildRules = (
			);
			dependencies = (
			);
			name = MVP;
			productName = MVP;
			productReference = BBDE2A882A7D0278007F2606 /* MVP.app */;
			productType = "com.apple.product-type.application";
		};
		BBDE2A9D2A7D0279007F2606 /* MVPTests */ = {
			isa = PBXNativeTarget;
			buildConfigurationList = BBDE2AB52A7D0279007F2606 /* Build configuration list for PBXNativeTarget "MVPTests" */;
			buildPhases = (
				BBDE2A9A2A7D0279007F2606 /* Sources */,
				BBDE2A9B2A7D0279007F2606 /* Frameworks */,
				BBDE2A9C2A7D0279007F2606 /* Resources */,
			);
			buildRules = (
			);
			dependencies = (
				BBDE2AA02A7D0279007F2606 /* PBXTargetDependency */,
			);
			name = MVPTests;
			productName = MVPTests;
			productReference = BBDE2A9E2A7D0279007F2606 /* MVPTests.xctest */;
			productType = "com.apple.product-type.bundle.unit-test";
		};
		BBDE2AA72A7D0279007F2606 /* MVPUITests */ = {
			isa = PBXNativeTarget;
			buildConfigurationList = BBDE2AB82A7D0279007F2606 /* Build configuration list for PBXNativeTarget "MVPUITests" */;
			buildPhases = (
				BBDE2AA42A7D0279007F2606 /* Sources */,
				BBDE2AA52A7D0279007F2606 /* Frameworks */,
				BBDE2AA62A7D0279007F2606 /* Resources */,
			);
			buildRules = (
			);
			dependencies = (
				BBDE2AAA2A7D0279007F2606 /* PBXTargetDependency */,
			);
			name = MVPUITests;
			productName = MVPUITests;
			productReference = BBDE2AA82A7D0279007F2606 /* MVPUITests.xctest */;
			productType = "com.apple.product-type.bundle.ui-testing";
		};
/* End PBXNativeTarget section */

/* Begin PBXProject section */
		BBDE2A802A7D0278007F2606 /* Project object */ = {
			isa = PBXProject;
			attributes = {
				BuildIndependentTargetsInParallel = 1;
				LastSwiftUpdateCheck = 1430;
				LastUpgradeCheck = 1430;
				TargetAttributes = {
					BBDE2A872A7D0278007F2606 = {
						CreatedOnToolsVersion = 14.3.1;
					};
					BBDE2A9D2A7D0279007F2606 = {
						CreatedOnToolsVersion = 14.3.1;
						TestTargetID = BBDE2A872A7D0278007F2606;
					};
					BBDE2AA72A7D0279007F2606 = {
						CreatedOnToolsVersion = 14.3.1;
						TestTargetID = BBDE2A872A7D0278007F2606;
					};
				};
			};
			buildConfigurationList = BBDE2A832A7D0278007F2606 /* Build configuration list for PBXProject "MVP" */;
			compatibilityVersion = "Xcode 14.0";
			developmentRegion = en;
			hasScannedForEncodings = 0;
			knownRegions = (
				en,
				Base,
			);
			mainGroup = BBDE2A7F2A7D0278007F2606;
			productRefGroup = BBDE2A892A7D0278007F2606 /* Products */;
			projectDirPath = "";
			projectRoot = "";
			targets = (
				BBDE2A872A7D0278007F2606 /* MVP */,
				BBDE2A9D2A7D0279007F2606 /* MVPTests */,
				BBDE2AA72A7D0279007F2606 /* MVPUITests */,
			);
		};
/* End PBXProject section */

/* Begin PBXResourcesBuildPhase section */
		BBDE2A862A7D0278007F2606 /* Resources */ = {
			isa = PBXResourcesBuildPhase;
			buildActionMask = 2147483647;
			files = (
				BBDE2A982A7D0279007F2606 /* LaunchScreen.storyboard in Resources */,
				BBDE2A952A7D0279007F2606 /* Assets.xcassets in Resources */,
				BBDE2A932A7D0278007F2606 /* Main.storyboard in Resources */,
			);
			runOnlyForDeploymentPostprocessing = 0;
		};
		BBDE2A9C2A7D0279007F2606 /* Resources */ = {
			isa = PBXResourcesBuildPhase;
			buildActionMask = 2147483647;
			files = (
			);
			runOnlyForDeploymentPostprocessing = 0;
		};
		BBDE2AA62A7D0279007F2606 /* Resources */ = {
			isa = PBXResourcesBuildPhase;
			buildActionMask = 2147483647;
			files = (
			);
			runOnlyForDeploymentPostprocessing = 0;
		};
/* End PBXResourcesBuildPhase section */

/* Begin PBXSourcesBuildPhase section */
		BBDE2A842A7D0278007F2606 /* Sources */ = {
			isa = PBXSourcesBuildPhase;
			buildActionMask = 2147483647;
			files = (
				BBB08EE42A7D252200D661A2 /* DetailViewController.swift in Sources */,
				BB19DF6B2A7D0307008D17A8 /* MainPresenter.swift in Sources */,
				BBDE2A902A7D0278007F2606 /* MainViewController.swift in Sources */,
				BBDE2A8C2A7D0278007F2606 /* AppDelegate.swift in Sources */,
				BBB08EE02A7D23E500D661A2 /* DetailPresenter.swift in Sources */,
				BBB08EDB2A7D1F7E00D661A2 /* Comment.swift in Sources */,
				BB19DF732A7D08FE008D17A8 /* ModuleBuilder.swift in Sources */,
				BBDE2A8E2A7D0278007F2606 /* SceneDelegate.swift in Sources */,
				BBB08EDD2A7D1FCE00D661A2 /* NetworkService.swift in Sources */,
			);
			runOnlyForDeploymentPostprocessing = 0;
		};
		BBDE2A9A2A7D0279007F2606 /* Sources */ = {
			isa = PBXSourcesBuildPhase;
			buildActionMask = 2147483647;
			files = (
				BBDE2AA32A7D0279007F2606 /* MVPTests.swift in Sources */,
				BB19DF782A7D0DC2008D17A8 /* MainPresenterTest.swift in Sources */,
			);
			runOnlyForDeploymentPostprocessing = 0;
		};
		BBDE2AA42A7D0279007F2606 /* Sources */ = {
			isa = PBXSourcesBuildPhase;
			buildActionMask = 2147483647;
			files = (
				BBDE2AAF2A7D0279007F2606 /* MVPUITestsLaunchTests.swift in Sources */,
				BBDE2AAD2A7D0279007F2606 /* MVPUITests.swift in Sources */,
			);
			runOnlyForDeploymentPostprocessing = 0;
		};
/* End PBXSourcesBuildPhase section */

/* Begin PBXTargetDependency section */
		BBDE2AA02A7D0279007F2606 /* PBXTargetDependency */ = {
			isa = PBXTargetDependency;
			target = BBDE2A872A7D0278007F2606 /* MVP */;
			targetProxy = BBDE2A9F2A7D0279007F2606 /* PBXContainerItemProxy */;
		};
		BBDE2AAA2A7D0279007F2606 /* PBXTargetDependency */ = {
			isa = PBXTargetDependency;
			target = BBDE2A872A7D0278007F2606 /* MVP */;
			targetProxy = BBDE2AA92A7D0279007F2606 /* PBXContainerItemProxy */;
		};
/* End PBXTargetDependency section */

/* Begin PBXVariantGroup section */
		BBDE2A912A7D0278007F2606 /* Main.storyboard */ = {
			isa = PBXVariantGroup;
			children = (
				BBDE2A922A7D0278007F2606 /* Base */,
			);
			name = Main.storyboard;
			sourceTree = "<group>";
		};
		BBDE2A962A7D0279007F2606 /* LaunchScreen.storyboard */ = {
			isa = PBXVariantGroup;
			children = (
				BBDE2A972A7D0279007F2606 /* Base */,
			);
			name = LaunchScreen.storyboard;
			sourceTree = "<group>";
		};
/* End PBXVariantGroup section */

/* Begin XCBuildConfiguration section */
		BBDE2AB02A7D0279007F2606 /* Debug */ = {
			isa = XCBuildConfiguration;
			buildSettings = {
				ALWAYS_SEARCH_USER_PATHS = NO;
				CLANG_ANALYZER_NONNULL = YES;
				CLANG_ANALYZER_NUMBER_OBJECT_CONVERSION = YES_AGGRESSIVE;
				CLANG_CXX_LANGUAGE_STANDARD = "gnu++20";
				CLANG_ENABLE_MODULES = YES;
				CLANG_ENABLE_OBJC_ARC = YES;
				CLANG_ENABLE_OBJC_WEAK = YES;
				CLANG_WARN_BLOCK_CAPTURE_AUTORELEASING = YES;
				CLANG_WARN_BOOL_CONVERSION = YES;
				CLANG_WARN_COMMA = YES;
				CLANG_WARN_CONSTANT_CONVERSION = YES;
				CLANG_WARN_DEPRECATED_OBJC_IMPLEMENTATIONS = YES;
				CLANG_WARN_DIRECT_OBJC_ISA_USAGE = YES_ERROR;
				CLANG_WARN_DOCUMENTATION_COMMENTS = YES;
				CLANG_WARN_EMPTY_BODY = YES;
				CLANG_WARN_ENUM_CONVERSION = YES;
				CLANG_WARN_INFINITE_RECURSION = YES;
				CLANG_WARN_INT_CONVERSION = YES;
				CLANG_WARN_NON_LITERAL_NULL_CONVERSION = YES;
				CLANG_WARN_OBJC_IMPLICIT_RETAIN_SELF = YES;
				CLANG_WARN_OBJC_LITERAL_CONVERSION = YES;
				CLANG_WARN_OBJC_ROOT_CLASS = YES_ERROR;
				CLANG_WARN_QUOTED_INCLUDE_IN_FRAMEWORK_HEADER = YES;
				CLANG_WARN_RANGE_LOOP_ANALYSIS = YES;
				CLANG_WARN_STRICT_PROTOTYPES = YES;
				CLANG_WARN_SUSPICIOUS_MOVE = YES;
				CLANG_WARN_UNGUARDED_AVAILABILITY = YES_AGGRESSIVE;
				CLANG_WARN_UNREACHABLE_CODE = YES;
				CLANG_WARN__DUPLICATE_METHOD_MATCH = YES;
				COPY_PHASE_STRIP = NO;
				DEBUG_INFORMATION_FORMAT = dwarf;
				ENABLE_STRICT_OBJC_MSGSEND = YES;
				ENABLE_TESTABILITY = YES;
				GCC_C_LANGUAGE_STANDARD = gnu11;
				GCC_DYNAMIC_NO_PIC = NO;
				GCC_NO_COMMON_BLOCKS = YES;
				GCC_OPTIMIZATION_LEVEL = 0;
				GCC_PREPROCESSOR_DEFINITIONS = (
					"DEBUG=1",
					"$(inherited)",
				);
				GCC_WARN_64_TO_32_BIT_CONVERSION = YES;
				GCC_WARN_ABOUT_RETURN_TYPE = YES_ERROR;
				GCC_WARN_UNDECLARED_SELECTOR = YES;
				GCC_WARN_UNINITIALIZED_AUTOS = YES_AGGRESSIVE;
				GCC_WARN_UNUSED_FUNCTION = YES;
				GCC_WARN_UNUSED_VARIABLE = YES;
				IPHONEOS_DEPLOYMENT_TARGET = 16.4;
				MTL_ENABLE_DEBUG_INFO = INCLUDE_SOURCE;
				MTL_FAST_MATH = YES;
				ONLY_ACTIVE_ARCH = YES;
				SDKROOT = iphoneos;
				SWIFT_ACTIVE_COMPILATION_CONDITIONS = DEBUG;
				SWIFT_OPTIMIZATION_LEVEL = "-Onone";
			};
			name = Debug;
		};
		BBDE2AB12A7D0279007F2606 /* Release */ = {
			isa = XCBuildConfiguration;
			buildSettings = {
				ALWAYS_SEARCH_USER_PATHS = NO;
				CLANG_ANALYZER_NONNULL = YES;
				CLANG_ANALYZER_NUMBER_OBJECT_CONVERSION = YES_AGGRESSIVE;
				CLANG_CXX_LANGUAGE_STANDARD = "gnu++20";
				CLANG_ENABLE_MODULES = YES;
				CLANG_ENABLE_OBJC_ARC = YES;
				CLANG_ENABLE_OBJC_WEAK = YES;
				CLANG_WARN_BLOCK_CAPTURE_AUTORELEASING = YES;
				CLANG_WARN_BOOL_CONVERSION = YES;
				CLANG_WARN_COMMA = YES;
				CLANG_WARN_CONSTANT_CONVERSION = YES;
				CLANG_WARN_DEPRECATED_OBJC_IMPLEMENTATIONS = YES;
				CLANG_WARN_DIRECT_OBJC_ISA_USAGE = YES_ERROR;
				CLANG_WARN_DOCUMENTATION_COMMENTS = YES;
				CLANG_WARN_EMPTY_BODY = YES;
				CLANG_WARN_ENUM_CONVERSION = YES;
				CLANG_WARN_INFINITE_RECURSION = YES;
				CLANG_WARN_INT_CONVERSION = YES;
				CLANG_WARN_NON_LITERAL_NULL_CONVERSION = YES;
				CLANG_WARN_OBJC_IMPLICIT_RETAIN_SELF = YES;
				CLANG_WARN_OBJC_LITERAL_CONVERSION = YES;
				CLANG_WARN_OBJC_ROOT_CLASS = YES_ERROR;
				CLANG_WARN_QUOTED_INCLUDE_IN_FRAMEWORK_HEADER = YES;
				CLANG_WARN_RANGE_LOOP_ANALYSIS = YES;
				CLANG_WARN_STRICT_PROTOTYPES = YES;
				CLANG_WARN_SUSPICIOUS_MOVE = YES;
				CLANG_WARN_UNGUARDED_AVAILABILITY = YES_AGGRESSIVE;
				CLANG_WARN_UNREACHABLE_CODE = YES;
				CLANG_WARN__DUPLICATE_METHOD_MATCH = YES;
				COPY_PHASE_STRIP = NO;
				DEBUG_INFORMATION_FORMAT = "dwarf-with-dsym";
				ENABLE_NS_ASSERTIONS = NO;
				ENABLE_STRICT_OBJC_MSGSEND = YES;
				GCC_C_LANGUAGE_STANDARD = gnu11;
				GCC_NO_COMMON_BLOCKS = YES;
				GCC_WARN_64_TO_32_BIT_CONVERSION = YES;
				GCC_WARN_ABOUT_RETURN_TYPE = YES_ERROR;
				GCC_WARN_UNDECLARED_SELECTOR = YES;
				GCC_WARN_UNINITIALIZED_AUTOS = YES_AGGRESSIVE;
				GCC_WARN_UNUSED_FUNCTION = YES;
				GCC_WARN_UNUSED_VARIABLE = YES;
				IPHONEOS_DEPLOYMENT_TARGET = 16.4;
				MTL_ENABLE_DEBUG_INFO = NO;
				MTL_FAST_MATH = YES;
				SDKROOT = iphoneos;
				SWIFT_COMPILATION_MODE = wholemodule;
				SWIFT_OPTIMIZATION_LEVEL = "-O";
				VALIDATE_PRODUCT = YES;
			};
			name = Release;
		};
		BBDE2AB32A7D0279007F2606 /* Debug */ = {
			isa = XCBuildConfiguration;
			buildSettings = {
				ASSETCATALOG_COMPILER_APPICON_NAME = AppIcon;
				ASSETCATALOG_COMPILER_GLOBAL_ACCENT_COLOR_NAME = AccentColor;
				CODE_SIGN_STYLE = Automatic;
				CURRENT_PROJECT_VERSION = 1;
				DEVELOPMENT_TEAM = SF69972TN6;
				GENERATE_INFOPLIST_FILE = YES;
				INFOPLIST_FILE = MVP/Info.plist;
				INFOPLIST_KEY_UIApplicationSupportsIndirectInputEvents = YES;
				INFOPLIST_KEY_UILaunchStoryboardName = LaunchScreen;
				INFOPLIST_KEY_UIMainStoryboardFile = Main;
				INFOPLIST_KEY_UISupportedInterfaceOrientations_iPad = "UIInterfaceOrientationPortrait UIInterfaceOrientationPortraitUpsideDown UIInterfaceOrientationLandscapeLeft UIInterfaceOrientationLandscapeRight";
				INFOPLIST_KEY_UISupportedInterfaceOrientations_iPhone = "UIInterfaceOrientationPortrait UIInterfaceOrientationLandscapeLeft UIInterfaceOrientationLandscapeRight";
				LD_RUNPATH_SEARCH_PATHS = (
					"$(inherited)",
					"@executable_path/Frameworks",
				);
				MARKETING_VERSION = 1.0;
				PRODUCT_BUNDLE_IDENTIFIER = com.smk.MVP;
				PRODUCT_NAME = "$(TARGET_NAME)";
				SWIFT_EMIT_LOC_STRINGS = YES;
				SWIFT_VERSION = 5.0;
				TARGETED_DEVICE_FAMILY = "1,2";
			};
			name = Debug;
		};
		BBDE2AB42A7D0279007F2606 /* Release */ = {
			isa = XCBuildConfiguration;
			buildSettings = {
				ASSETCATALOG_COMPILER_APPICON_NAME = AppIcon;
				ASSETCATALOG_COMPILER_GLOBAL_ACCENT_COLOR_NAME = AccentColor;
				CODE_SIGN_STYLE = Automatic;
				CURRENT_PROJECT_VERSION = 1;
				DEVELOPMENT_TEAM = SF69972TN6;
				GENERATE_INFOPLIST_FILE = YES;
				INFOPLIST_FILE = MVP/Info.plist;
				INFOPLIST_KEY_UIApplicationSupportsIndirectInputEvents = YES;
				INFOPLIST_KEY_UILaunchStoryboardName = LaunchScreen;
				INFOPLIST_KEY_UIMainStoryboardFile = Main;
				INFOPLIST_KEY_UISupportedInterfaceOrientations_iPad = "UIInterfaceOrientationPortrait UIInterfaceOrientationPortraitUpsideDown UIInterfaceOrientationLandscapeLeft UIInterfaceOrientationLandscapeRight";
				INFOPLIST_KEY_UISupportedInterfaceOrientations_iPhone = "UIInterfaceOrientationPortrait UIInterfaceOrientationLandscapeLeft UIInterfaceOrientationLandscapeRight";
				LD_RUNPATH_SEARCH_PATHS = (
					"$(inherited)",
					"@executable_path/Frameworks",
				);
				MARKETING_VERSION = 1.0;
				PRODUCT_BUNDLE_IDENTIFIER = com.smk.MVP;
				PRODUCT_NAME = "$(TARGET_NAME)";
				SWIFT_EMIT_LOC_STRINGS = YES;
				SWIFT_VERSION = 5.0;
				TARGETED_DEVICE_FAMILY = "1,2";
			};
			name = Release;
		};
		BBDE2AB62A7D0279007F2606 /* Debug */ = {
			isa = XCBuildConfiguration;
			buildSettings = {
				ALWAYS_EMBED_SWIFT_STANDARD_LIBRARIES = YES;
				BUNDLE_LOADER = "$(TEST_HOST)";
				CODE_SIGN_STYLE = Automatic;
				CURRENT_PROJECT_VERSION = 1;
				DEVELOPMENT_TEAM = SF69972TN6;
				GENERATE_INFOPLIST_FILE = YES;
				IPHONEOS_DEPLOYMENT_TARGET = 16.4;
				MARKETING_VERSION = 1.0;
				PRODUCT_BUNDLE_IDENTIFIER = com.smk.MVPTests;
				PRODUCT_NAME = "$(TARGET_NAME)";
				SWIFT_EMIT_LOC_STRINGS = NO;
				SWIFT_VERSION = 5.0;
				TARGETED_DEVICE_FAMILY = "1,2";
				TEST_HOST = "$(BUILT_PRODUCTS_DIR)/MVP.app/$(BUNDLE_EXECUTABLE_FOLDER_PATH)/MVP";
			};
			name = Debug;
		};
		BBDE2AB72A7D0279007F2606 /* Release */ = {
			isa = XCBuildConfiguration;
			buildSettings = {
				ALWAYS_EMBED_SWIFT_STANDARD_LIBRARIES = YES;
				BUNDLE_LOADER = "$(TEST_HOST)";
				CODE_SIGN_STYLE = Automatic;
				CURRENT_PROJECT_VERSION = 1;
				DEVELOPMENT_TEAM = SF69972TN6;
				GENERATE_INFOPLIST_FILE = YES;
				IPHONEOS_DEPLOYMENT_TARGET = 16.4;
				MARKETING_VERSION = 1.0;
				PRODUCT_BUNDLE_IDENTIFIER = com.smk.MVPTests;
				PRODUCT_NAME = "$(TARGET_NAME)";
				SWIFT_EMIT_LOC_STRINGS = NO;
				SWIFT_VERSION = 5.0;
				TARGETED_DEVICE_FAMILY = "1,2";
				TEST_HOST = "$(BUILT_PRODUCTS_DIR)/MVP.app/$(BUNDLE_EXECUTABLE_FOLDER_PATH)/MVP";
			};
			name = Release;
		};
		BBDE2AB92A7D0279007F2606 /* Debug */ = {
			isa = XCBuildConfiguration;
			buildSettings = {
				ALWAYS_EMBED_SWIFT_STANDARD_LIBRARIES = YES;
				CODE_SIGN_STYLE = Automatic;
				CURRENT_PROJECT_VERSION = 1;
				DEVELOPMENT_TEAM = SF69972TN6;
				GENERATE_INFOPLIST_FILE = YES;
				MARKETING_VERSION = 1.0;
				PRODUCT_BUNDLE_IDENTIFIER = com.smk.MVPUITests;
				PRODUCT_NAME = "$(TARGET_NAME)";
				SWIFT_EMIT_LOC_STRINGS = NO;
				SWIFT_VERSION = 5.0;
				TARGETED_DEVICE_FAMILY = "1,2";
				TEST_TARGET_NAME = MVP;
			};
			name = Debug;
		};
		BBDE2ABA2A7D0279007F2606 /* Release */ = {
			isa = XCBuildConfiguration;
			buildSettings = {
				ALWAYS_EMBED_SWIFT_STANDARD_LIBRARIES = YES;
				CODE_SIGN_STYLE = Automatic;
				CURRENT_PROJECT_VERSION = 1;
				DEVELOPMENT_TEAM = SF69972TN6;
				GENERATE_INFOPLIST_FILE = YES;
				MARKETING_VERSION = 1.0;
				PRODUCT_BUNDLE_IDENTIFIER = com.smk.MVPUITests;
				PRODUCT_NAME = "$(TARGET_NAME)";
				SWIFT_EMIT_LOC_STRINGS = NO;
				SWIFT_VERSION = 5.0;
				TARGETED_DEVICE_FAMILY = "1,2";
				TEST_TARGET_NAME = MVP;
			};
			name = Release;
		};
/* End XCBuildConfiguration section */

/* Begin XCConfigurationList section */
		BBDE2A832A7D0278007F2606 /* Build configuration list for PBXProject "MVP" */ = {
			isa = XCConfigurationList;
			buildConfigurations = (
				BBDE2AB02A7D0279007F2606 /* Debug */,
				BBDE2AB12A7D0279007F2606 /* Release */,
			);
			defaultConfigurationIsVisible = 0;
			defaultConfigurationName = Release;
		};
		BBDE2AB22A7D0279007F2606 /* Build configuration list for PBXNativeTarget "MVP" */ = {
			isa = XCConfigurationList;
			buildConfigurations = (
				BBDE2AB32A7D0279007F2606 /* Debug */,
				BBDE2AB42A7D0279007F2606 /* Release */,
			);
			defaultConfigurationIsVisible = 0;
			defaultConfigurationName = Release;
		};
		BBDE2AB52A7D0279007F2606 /* Build configuration list for PBXNativeTarget "MVPTests" */ = {
			isa = XCConfigurationList;
			buildConfigurations = (
				BBDE2AB62A7D0279007F2606 /* Debug */,
				BBDE2AB72A7D0279007F2606 /* Release */,
			);
			defaultConfigurationIsVisible = 0;
			defaultConfigurationName = Release;
		};
		BBDE2AB82A7D0279007F2606 /* Build configuration list for PBXNativeTarget "MVPUITests" */ = {
			isa = XCConfigurationList;
			buildConfigurations = (
				BBDE2AB92A7D0279007F2606 /* Debug */,
				BBDE2ABA2A7D0279007F2606 /* Release */,
			);
			defaultConfigurationIsVisible = 0;
			defaultConfigurationName = Release;
		};
/* End XCConfigurationList section */
	};
	rootObject = BBDE2A802A7D0278007F2606 /* Project object */;
}
